{
  "name": "image-processing",
  "version": "1.0.0",
  "lockfileVersion": 1,
  "requires": true,
  "dependencies": {
    "three": {
      "version": "0.121.1",
      "resolved": "https://registry.npmjs.org/three/-/three-0.121.1.tgz",
      "integrity": "sha512-+rYhNpW5W1aBdLkPQDld/GA4Sj/uOKJJKVpCAZUbpk/HZEiYRUlPt8+s+9nmxRglWmRHdBa3ERvUwqg4nmoA5w=="
    },
    "three-projected-material": {
      "version": "2.0.1",
      "resolved": "https://registry.npmjs.org/three-projected-material/-/three-projected-material-2.0.1.tgz",
      "integrity": "sha512-Sb3hz2bblaC7roNwBMJelzLDX8A1o3l9LXMDAh5o/pizPHqfqlvftGRC28mTFLYcaEjxJGEGxK4mmmXBYgP7hg=="
    }
  }
}
